
Microsoft Visual Studio Solution File, Format Version 12.00
# Visual Studio Version 17
VisualStudioVersion = 17.0.32002.185
MinimumVisualStudioVersion = 10.0.40219.1
Project("{FAE04EC0-301F-11D3-BF4B-00C04F79EFBC}") = "Thread", "Thread\Thread.csproj", "{B5C29BBF-66B7-4A90-8112-D1A5181DC930}"
EndProject
Global
	GlobalSection(SolutionConfigurationPlatforms) = preSolution
		Debug|Any CPU = Debug|Any CPU
		Release|Any CPU = Release|Any CPU
	EndGlobalSection
	GlobalSection(ProjectConfigurationPlatforms) = postSolution
		{B5C29BBF-66B7-4A90-8112-D1A5181DC930}.Debug|Any CPU.ActiveCfg = Debug|Any CPU
		{B5C29BBF-66B7-4A90-8112-D1A5181DC930}.Debug|Any CPU.Build.0 = Debug|Any CPU
		{B5C29BBF-66B7-4A90-8112-D1A5181DC930}.Release|Any CPU.ActiveCfg = Release|Any CPU
		{B5C29BBF-66B7-4A90-8112-D1A5181DC930}.Release|Any CPU.Build.0 = Release|Any CPU
	EndGlobalSection
	GlobalSection(SolutionProperties) = preSolution
		HideSolutionNode = FALSE
	EndGlobalSection
	GlobalSection(ExtensibilityGlobals) = postSolution
		SolutionGuid = {3BFC7F3B-C142-4028-B6E1-762B7B31F13C}
	EndGlobalSection
EndGlobal
